// !$*UTF8*$!
{
	archiveVersion = 1;
	classes = {
	};
	objectVersion = 46;
	objects = {

/* Begin PBXBuildFile section */
		4605FE061BDB8C3E00972A30 /* AppDelegate.swift in Sources */ = {isa = PBXBuildFile; fileRef = 4605FE051BDB8C3E00972A30 /* AppDelegate.swift */; };
		4605FE081BDB8C3E00972A30 /* LogInViewController.swift in Sources */ = {isa = PBXBuildFile; fileRef = 4605FE071BDB8C3E00972A30 /* LogInViewController.swift */; };
		4605FE0B1BDB8C3E00972A30 /* Main.storyboard in Resources */ = {isa = PBXBuildFile; fileRef = 4605FE091BDB8C3E00972A30 /* Main.storyboard */; };
		4605FE0D1BDB8C3E00972A30 /* Assets.xcassets in Resources */ = {isa = PBXBuildFile; fileRef = 4605FE0C1BDB8C3E00972A30 /* Assets.xcassets */; };
		4605FE101BDB8C3E00972A30 /* LaunchScreen.storyboard in Resources */ = {isa = PBXBuildFile; fileRef = 4605FE0E1BDB8C3E00972A30 /* LaunchScreen.storyboard */; };
		4605FE1B1BDB8C3E00972A30 /* OnTheMapTests.swift in Sources */ = {isa = PBXBuildFile; fileRef = 4605FE1A1BDB8C3E00972A30 /* OnTheMapTests.swift */; };
		4605FE261BDB8C3E00972A30 /* OnTheMapUITests.swift in Sources */ = {isa = PBXBuildFile; fileRef = 4605FE251BDB8C3E00972A30 /* OnTheMapUITests.swift */; };
		4605FE341BDCB91D00972A30 /* MapViewController.swift in Sources */ = {isa = PBXBuildFile; fileRef = 4605FE331BDCB91D00972A30 /* MapViewController.swift */; settings = {ASSET_TAGS = (); }; };
		4605FE361BDCBAB500972A30 /* ListViewController.swift in Sources */ = {isa = PBXBuildFile; fileRef = 4605FE351BDCBAB500972A30 /* ListViewController.swift */; settings = {ASSET_TAGS = (); }; };
		4605FE381BDCBACC00972A30 /* AddPinViewController.swift in Sources */ = {isa = PBXBuildFile; fileRef = 4605FE371BDCBACC00972A30 /* AddPinViewController.swift */; settings = {ASSET_TAGS = (); }; };
		4605FE3A1BDCDC6F00972A30 /* UdacityClient.swift in Sources */ = {isa = PBXBuildFile; fileRef = 4605FE391BDCDC6F00972A30 /* UdacityClient.swift */; settings = {ASSET_TAGS = (); }; };
		4605FE3C1BDCE57600972A30 /* Client.swift in Sources */ = {isa = PBXBuildFile; fileRef = 4605FE3B1BDCE57600972A30 /* Client.swift */; settings = {ASSET_TAGS = (); }; };
		4605FE3E1BDFBE2500972A30 /* ParseClient.swift in Sources */ = {isa = PBXBuildFile; fileRef = 4605FE3D1BDFBE2500972A30 /* ParseClient.swift */; settings = {ASSET_TAGS = (); }; };
		4605FE401BDFBEEC00972A30 /* StudentInfo.swift in Sources */ = {isa = PBXBuildFile; fileRef = 4605FE3F1BDFBEEC00972A30 /* StudentInfo.swift */; settings = {ASSET_TAGS = (); }; };
/* End PBXBuildFile section */

/* Begin PBXContainerItemProxy section */
		4605FE171BDB8C3E00972A30 /* PBXContainerItemProxy */ = {
			isa = PBXContainerItemProxy;
			containerPortal = 4605FDFA1BDB8C3E00972A30 /* Project object */;
			proxyType = 1;
			remoteGlobalIDString = 4605FE011BDB8C3E00972A30;
			remoteInfo = OnTheMap;
		};
		4605FE221BDB8C3E00972A30 /* PBXContainerItemProxy */ = {
			isa = PBXContainerItemProxy;
			containerPortal = 4605FDFA1BDB8C3E00972A30 /* Project object */;
			proxyType = 1;
			remoteGlobalIDString = 4605FE011BDB8C3E00972A30;
			remoteInfo = OnTheMap;
		};
/* End PBXContainerItemProxy section */

/* Begin PBXFileReference section */
		4605FE021BDB8C3E00972A30 /* OnTheMap.app */ = {isa = PBXFileReference; explicitFileType = wrapper.application; includeInIndex = 0; path = OnTheMap.app; sourceTree = BUILT_PRODUCTS_DIR; };
		4605FE051BDB8C3E00972A30 /* AppDelegate.swift */ = {isa = PBXFileReference; lastKnownFileType = sourcecode.swift; path = AppDelegate.swift; sourceTree = "<group>"; };
		4605FE071BDB8C3E00972A30 /* LogInViewController.swift */ = {isa = PBXFileReference; lastKnownFileType = sourcecode.swift; path = LogInViewController.swift; sourceTree = "<group>"; };
		4605FE0A1BDB8C3E00972A30 /* Base */ = {isa = PBXFileReference; lastKnownFileType = file.storyboard; name = Base; path = Base.lproj/Main.storyboard; sourceTree = "<group>"; };
		4605FE0C1BDB8C3E00972A30 /* Assets.xcassets */ = {isa = PBXFileReference; lastKnownFileType = folder.assetcatalog; path = Assets.xcassets; sourceTree = "<group>"; };
		4605FE0F1BDB8C3E00972A30 /* Base */ = {isa = PBXFileReference; lastKnownFileType = file.storyboard; name = Base; path = Base.lproj/LaunchScreen.storyboard; sourceTree = "<group>"; };
		4605FE111BDB8C3E00972A30 /* Info.plist */ = {isa = PBXFileReference; lastKnownFileType = text.plist.xml; path = Info.plist; sourceTree = "<group>"; };
		4605FE161BDB8C3E00972A30 /* OnTheMapTests.xctest */ = {isa = PBXFileReference; explicitFileType = wrapper.cfbundle; includeInIndex = 0; path = OnTheMapTests.xctest; sourceTree = BUILT_PRODUCTS_DIR; };
		4605FE1A1BDB8C3E00972A30 /* OnTheMapTests.swift */ = {isa = PBXFileReference; lastKnownFileType = sourcecode.swift; path = OnTheMapTests.swift; sourceTree = "<group>"; };
		4605FE1C1BDB8C3E00972A30 /* Info.plist */ = {isa = PBXFileReference; lastKnownFileType = text.plist.xml; path = Info.plist; sourceTree = "<group>"; };
		4605FE211BDB8C3E00972A30 /* OnTheMapUITests.xctest */ = {isa = PBXFileReference; explicitFileType = wrapper.cfbundle; includeInIndex = 0; path = OnTheMapUITests.xctest; sourceTree = BUILT_PRODUCTS_DIR; };
		4605FE251BDB8C3E00972A30 /* OnTheMapUITests.swift */ = {isa = PBXFileReference; lastKnownFileType = sourcecode.swift; path = OnTheMapUITests.swift; sourceTree = "<group>"; };
		4605FE271BDB8C3E00972A30 /* Info.plist */ = {isa = PBXFileReference; lastKnownFileType = text.plist.xml; path = Info.plist; sourceTree = "<group>"; };
		4605FE331BDCB91D00972A30 /* MapViewController.swift */ = {isa = PBXFileReference; fileEncoding = 4; lastKnownFileType = sourcecode.swift; path = MapViewController.swift; sourceTree = "<group>"; };
		4605FE351BDCBAB500972A30 /* ListViewController.swift */ = {isa = PBXFileReference; fileEncoding = 4; lastKnownFileType = sourcecode.swift; path = ListViewController.swift; sourceTree = "<group>"; };
		4605FE371BDCBACC00972A30 /* AddPinViewController.swift */ = {isa = PBXFileReference; fileEncoding = 4; lastKnownFileType = sourcecode.swift; path = AddPinViewController.swift; sourceTree = "<group>"; };
		4605FE391BDCDC6F00972A30 /* UdacityClient.swift */ = {isa = PBXFileReference; fileEncoding = 4; lastKnownFileType = sourcecode.swift; path = UdacityClient.swift; sourceTree = "<group>"; };
		4605FE3B1BDCE57600972A30 /* Client.swift */ = {isa = PBXFileReference; fileEncoding = 4; lastKnownFileType = sourcecode.swift; path = Client.swift; sourceTree = "<group>"; };
		4605FE3D1BDFBE2500972A30 /* ParseClient.swift */ = {isa = PBXFileReference; fileEncoding = 4; lastKnownFileType = sourcecode.swift; path = ParseClient.swift; sourceTree = "<group>"; };
		4605FE3F1BDFBEEC00972A30 /* StudentInfo.swift */ = {isa = PBXFileReference; fileEncoding = 4; lastKnownFileType = sourcecode.swift; path = StudentInfo.swift; sourceTree = "<group>"; };
/* End PBXFileReference section */

/* Begin PBXFrameworksBuildPhase section */
		4605FDFF1BDB8C3E00972A30 /* Frameworks */ = {
			isa = PBXFrameworksBuildPhase;
			buildActionMask = 2147483647;
			files = (
			);
			runOnlyForDeploymentPostprocessing = 0;
		};
		4605FE131BDB8C3E00972A30 /* Frameworks */ = {
			isa = PBXFrameworksBuildPhase;
			buildActionMask = 2147483647;
			files = (
			);
			runOnlyForDeploymentPostprocessing = 0;
		};
		4605FE1E1BDB8C3E00972A30 /* Frameworks */ = {
			isa = PBXFrameworksBuildPhase;
			buildActionMask = 2147483647;
			files = (
			);
			runOnlyForDeploymentPostprocessing = 0;
		};
/* End PBXFrameworksBuildPhase section */

/* Begin PBXGroup section */
		4605FDF91BDB8C3E00972A30 = {
			isa = PBXGroup;
			children = (
				4605FE041BDB8C3E00972A30 /* OnTheMap */,
				4605FE191BDB8C3E00972A30 /* OnTheMapTests */,
				4605FE241BDB8C3E00972A30 /* OnTheMapUITests */,
				4605FE031BDB8C3E00972A30 /* Products */,
			);
			sourceTree = "<group>";
		};
		4605FE031BDB8C3E00972A30 /* Products */ = {
			isa = PBXGroup;
			children = (
				4605FE021BDB8C3E00972A30 /* OnTheMap.app */,
				4605FE161BDB8C3E00972A30 /* OnTheMapTests.xctest */,
				4605FE211BDB8C3E00972A30 /* OnTheMapUITests.xctest */,
			);
			name = Products;
			sourceTree = "<group>";
		};
		4605FE041BDB8C3E00972A30 /* OnTheMap */ = {
			isa = PBXGroup;
			children = (
				4605FE051BDB8C3E00972A30 /* AppDelegate.swift */,
				4605FE3F1BDFBEEC00972A30 /* StudentInfo.swift */,
				4605FE3B1BDCE57600972A30 /* Client.swift */,
				4605FE391BDCDC6F00972A30 /* UdacityClient.swift */,
				4605FE3D1BDFBE2500972A30 /* ParseClient.swift */,
				4605FE071BDB8C3E00972A30 /* LogInViewController.swift */,
				4605FE331BDCB91D00972A30 /* MapViewController.swift */,
				4605FE351BDCBAB500972A30 /* ListViewController.swift */,
				4605FE371BDCBACC00972A30 /* AddPinViewController.swift */,
				4605FE091BDB8C3E00972A30 /* Main.storyboard */,
				4605FE0C1BDB8C3E00972A30 /* Assets.xcassets */,
				4605FE0E1BDB8C3E00972A30 /* LaunchScreen.storyboard */,
				4605FE111BDB8C3E00972A30 /* Info.plist */,
			);
			path = OnTheMap;
			sourceTree = "<group>";
		};
		4605FE191BDB8C3E00972A30 /* OnTheMapTests */ = {
			isa = PBXGroup;
			children = (
				4605FE1A1BDB8C3E00972A30 /* OnTheMapTests.swift */,
				4605FE1C1BDB8C3E00972A30 /* Info.plist */,
			);
			path = OnTheMapTests;
			sourceTree = "<group>";
		};
		4605FE241BDB8C3E00972A30 /* OnTheMapUITests */ = {
			isa = PBXGroup;
			children = (
				4605FE251BDB8C3E00972A30 /* OnTheMapUITests.swift */,
				4605FE271BDB8C3E00972A30 /* Info.plist */,
			);
			path = OnTheMapUITests;
			sourceTree = "<group>";
		};
/* End PBXGroup section */

/* Begin PBXNativeTarget section */
		4605FE011BDB8C3E00972A30 /* OnTheMap */ = {
			isa = PBXNativeTarget;
			buildConfigurationList = 4605FE2A1BDB8C3E00972A30 /* Build configuration list for PBXNativeTarget "OnTheMap" */;
			buildPhases = (
				4605FDFE1BDB8C3E00972A30 /* Sources */,
				4605FDFF1BDB8C3E00972A30 /* Frameworks */,
				4605FE001BDB8C3E00972A30 /* Resources */,
			);
			buildRules = (
			);
			dependencies = (
			);
			name = OnTheMap;
			productName = OnTheMap;
			productReference = 4605FE021BDB8C3E00972A30 /* OnTheMap.app */;
			productType = "com.apple.product-type.application";
		};
		4605FE151BDB8C3E00972A30 /* OnTheMapTests */ = {
			isa = PBXNativeTarget;
			buildConfigurationList = 4605FE2D1BDB8C3E00972A30 /* Build configuration list for PBXNativeTarget "OnTheMapTests" */;
			buildPhases = (
				4605FE121BDB8C3E00972A30 /* Sources */,
				4605FE131BDB8C3E00972A30 /* Frameworks */,
				4605FE141BDB8C3E00972A30 /* Resources */,
			);
			buildRules = (
			);
			dependencies = (
				4605FE181BDB8C3E00972A30 /* PBXTargetDependency */,
			);
			name = OnTheMapTests;
			productName = OnTheMapTests;
			productReference = 4605FE161BDB8C3E00972A30 /* OnTheMapTests.xctest */;
			productType = "com.apple.product-type.bundle.unit-test";
		};
		4605FE201BDB8C3E00972A30 /* OnTheMapUITests */ = {
			isa = PBXNativeTarget;
			buildConfigurationList = 4605FE301BDB8C3E00972A30 /* Build configuration list for PBXNativeTarget "OnTheMapUITests" */;
			buildPhases = (
				4605FE1D1BDB8C3E00972A30 /* Sources */,
				4605FE1E1BDB8C3E00972A30 /* Frameworks */,
				4605FE1F1BDB8C3E00972A30 /* Resources */,
			);
			buildRules = (
			);
			dependencies = (
				4605FE231BDB8C3E00972A30 /* PBXTargetDependency */,
			);
			name = OnTheMapUITests;
			productName = OnTheMapUITests;
			productReference = 4605FE211BDB8C3E00972A30 /* OnTheMapUITests.xctest */;
			productType = "com.apple.product-type.bundle.ui-testing";
		};
/* End PBXNativeTarget section */

/* Begin PBXProject section */
		4605FDFA1BDB8C3E00972A30 /* Project object */ = {
			isa = PBXProject;
			attributes = {
				LastUpgradeCheck = 0700;
				ORGANIZATIONNAME = Wenzhe;
				TargetAttributes = {
					4605FE011BDB8C3E00972A30 = {
						CreatedOnToolsVersion = 7.0.1;
					};
					4605FE151BDB8C3E00972A30 = {
						CreatedOnToolsVersion = 7.0.1;
						TestTargetID = 4605FE011BDB8C3E00972A30;
					};
					4605FE201BDB8C3E00972A30 = {
						CreatedOnToolsVersion = 7.0.1;
						TestTargetID = 4605FE011BDB8C3E00972A30;
					};
				};
			};
			buildConfigurationList = 4605FDFD1BDB8C3E00972A30 /* Build configuration list for PBXProject "OnTheMap" */;
			compatibilityVersion = "Xcode 3.2";
			developmentRegion = English;
			hasScannedForEncodings = 0;
			knownRegions = (
				en,
				Base,
			);
			mainGroup = 4605FDF91BDB8C3E00972A30;
			productRefGroup = 4605FE031BDB8C3E00972A30 /* Products */;
			projectDirPath = "";
			projectRoot = "";
			targets = (
				4605FE011BDB8C3E00972A30 /* OnTheMap */,
				4605FE151BDB8C3E00972A30 /* OnTheMapTests */,
				4605FE201BDB8C3E00972A30 /* OnTheMapUITests */,
			);
		};
/* End PBXProject section */

/* Begin PBXResourcesBuildPhase section */
		4605FE001BDB8C3E00972A30 /* Resources */ = {
			isa = PBXResourcesBuildPhase;
			buildActionMask = 2147483647;
			files = (
				4605FE101BDB8C3E00972A30 /* LaunchScreen.storyboard in Resources */,
				4605FE0D1BDB8C3E00972A30 /* Assets.xcassets in Resources */,
				4605FE0B1BDB8C3E00972A30 /* Main.storyboard in Resources */,
			);
			runOnlyForDeploymentPostprocessing = 0;
		};
		4605FE141BDB8C3E00972A30 /* Resources */ = {
			isa = PBXResourcesBuildPhase;
			buildActionMask = 2147483647;
			files = (
			);
			runOnlyForDeploymentPostprocessing = 0;
		};
		4605FE1F1BDB8C3E00972A30 /* Resources */ = {
			isa = PBXResourcesBuildPhase;
			buildActionMask = 2147483647;
			files = (
			);
			runOnlyForDeploymentPostprocessing = 0;
		};
/* End PBXResourcesBuildPhase section */

/* Begin PBXSourcesBuildPhase section */
		4605FDFE1BDB8C3E00972A30 /* Sources */ = {
			isa = PBXSourcesBuildPhase;
			buildActionMask = 2147483647;
			files = (
				4605FE401BDFBEEC00972A30 /* StudentInfo.swift in Sources */,
				4605FE081BDB8C3E00972A30 /* LogInViewController.swift in Sources */,
				4605FE3C1BDCE57600972A30 /* Client.swift in Sources */,
				4605FE381BDCBACC00972A30 /* AddPinViewController.swift in Sources */,
				4605FE3A1BDCDC6F00972A30 /* UdacityClient.swift in Sources */,
				4605FE341BDCB91D00972A30 /* MapViewController.swift in Sources */,
				4605FE361BDCBAB500972A30 /* ListViewController.swift in Sources */,
				4605FE3E1BDFBE2500972A30 /* ParseClient.swift in Sources */,
				4605FE061BDB8C3E00972A30 /* AppDelegate.swift in Sources */,
			);
			runOnlyForDeploymentPostprocessing = 0;
		};
		4605FE121BDB8C3E00972A30 /* Sources */ = {
			isa = PBXSourcesBuildPhase;
			buildActionMask = 2147483647;
			files = (
				4605FE1B1BDB8C3E00972A30 /* OnTheMapTests.swift in Sources */,
			);
			runOnlyForDeploymentPostprocessing = 0;
		};
		4605FE1D1BDB8C3E00972A30 /* Sources */ = {
			isa = PBXSourcesBuildPhase;
			buildActionMask = 2147483647;
			files = (
				4605FE261BDB8C3E00972A30 /* OnTheMapUITests.swift in Sources */,
			);
			runOnlyForDeploymentPostprocessing = 0;
		};
/* End PBXSourcesBuildPhase section */

/* Begin PBXTargetDependency section */
		4605FE181BDB8C3E00972A30 /* PBXTargetDependency */ = {
			isa = PBXTargetDependency;
			target = 4605FE011BDB8C3E00972A30 /* OnTheMap */;
			targetProxy = 4605FE171BDB8C3E00972A30 /* PBXContainerItemProxy */;
		};
		4605FE231BDB8C3E00972A30 /* PBXTargetDependency */ = {
			isa = PBXTargetDependency;
			target = 4605FE011BDB8C3E00972A30 /* OnTheMap */;
			targetProxy = 4605FE221BDB8C3E00972A30 /* PBXContainerItemProxy */;
		};
/* End PBXTargetDependency section */

/* Begin PBXVariantGroup section */
		4605FE091BDB8C3E00972A30 /* Main.storyboard */ = {
			isa = PBXVariantGroup;
			children = (
				4605FE0A1BDB8C3E00972A30 /* Base */,
			);
			name = Main.storyboard;
			sourceTree = "<group>";
		};
		4605FE0E1BDB8C3E00972A30 /* LaunchScreen.storyboard */ = {
			isa = PBXVariantGroup;
			children = (
				4605FE0F1BDB8C3E00972A30 /* Base */,
			);
			name = LaunchScreen.storyboard;
			sourceTree = "<group>";
		};
/* End PBXVariantGroup section */

/* Begin XCBuildConfiguration section */
		4605FE281BDB8C3E00972A30 /* Debug */ = {
			isa = XCBuildConfiguration;
			buildSettings = {
				ALWAYS_SEARCH_USER_PATHS = NO;
				CLANG_CXX_LANGUAGE_STANDARD = "gnu++0x";
				CLANG_CXX_LIBRARY = "libc++";
				CLANG_ENABLE_MODULES = YES;
				CLANG_ENABLE_OBJC_ARC = YES;
				CLANG_WARN_BOOL_CONVERSION = YES;
				CLANG_WARN_CONSTANT_CONVERSION = YES;
				CLANG_WARN_DIRECT_OBJC_ISA_USAGE = YES_ERROR;
				CLANG_WARN_EMPTY_BODY = YES;
				CLANG_WARN_ENUM_CONVERSION = YES;
				CLANG_WARN_INT_CONVERSION = YES;
				CLANG_WARN_OBJC_ROOT_CLASS = YES_ERROR;
				CLANG_WARN_UNREACHABLE_CODE = YES;
				CLANG_WARN__DUPLICATE_METHOD_MATCH = YES;
				"CODE_SIGN_IDENTITY[sdk=iphoneos*]" = "iPhone Developer";
				COPY_PHASE_STRIP = NO;
				DEBUG_INFORMATION_FORMAT = dwarf;
				ENABLE_STRICT_OBJC_MSGSEND = YES;
				ENABLE_TESTABILITY = YES;
				GCC_C_LANGUAGE_STANDARD = gnu99;
				GCC_DYNAMIC_NO_PIC = NO;
				GCC_NO_COMMON_BLOCKS = YES;
				GCC_OPTIMIZATION_LEVEL = 0;
				GCC_PREPROCESSOR_DEFINITIONS = (
					"DEBUG=1",
					"$(inherited)",
				);
				GCC_WARN_64_TO_32_BIT_CONVERSION = YES;
				GCC_WARN_ABOUT_RETURN_TYPE = YES_ERROR;
				GCC_WARN_UNDECLARED_SELECTOR = YES;
				GCC_WARN_UNINITIALIZED_AUTOS = YES_AGGRESSIVE;
				GCC_WARN_UNUSED_FUNCTION = YES;
				GCC_WARN_UNUSED_VARIABLE = YES;
				IPHONEOS_DEPLOYMENT_TARGET = 9.0;
				MTL_ENABLE_DEBUG_INFO = YES;
				ONLY_ACTIVE_ARCH = YES;
				SDKROOT = iphoneos;
				SWIFT_OPTIMIZATION_LEVEL = "-Onone";
			};
			name = Debug;
		};
		4605FE291BDB8C3E00972A30 /* Release */ = {
			isa = XCBuildConfiguration;
			buildSettings = {
				ALWAYS_SEARCH_USER_PATHS = NO;
				CLANG_CXX_LANGUAGE_STANDARD = "gnu++0x";
				CLANG_CXX_LIBRARY = "libc++";
				CLANG_ENABLE_MODULES = YES;
				CLANG_ENABLE_OBJC_ARC = YES;
				CLANG_WARN_BOOL_CONVERSION = YES;
				CLANG_WARN_CONSTANT_CONVERSION = YES;
				CLANG_WARN_DIRECT_OBJC_ISA_USAGE = YES_ERROR;
				CLANG_WARN_EMPTY_BODY = YES;
				CLANG_WARN_ENUM_CONVERSION = YES;
				CLANG_WARN_INT_CONVERSION = YES;
				CLANG_WARN_OBJC_ROOT_CLASS = YES_ERROR;
				CLANG_WARN_UNREACHABLE_CODE = YES;
				CLANG_WARN__DUPLICATE_METHOD_MATCH = YES;
				"CODE_SIGN_IDENTITY[sdk=iphoneos*]" = "iPhone Developer";
				COPY_PHASE_STRIP = NO;
				DEBUG_INFORMATION_FORMAT = "dwarf-with-dsym";
				ENABLE_NS_ASSERTIONS = NO;
				ENABLE_STRICT_OBJC_MSGSEND = YES;
				GCC_C_LANGUAGE_STANDARD = gnu99;
				GCC_NO_COMMON_BLOCKS = YES;
				GCC_WARN_64_TO_32_BIT_CONVERSION = YES;
				GCC_WARN_ABOUT_RETURN_TYPE = YES_ERROR;
				GCC_WARN_UNDECLARED_SELECTOR = YES;
				GCC_WARN_UNINITIALIZED_AUTOS = YES_AGGRESSIVE;
				GCC_WARN_UNUSED_FUNCTION = YES;
				GCC_WARN_UNUSED_VARIABLE = YES;
				IPHONEOS_DEPLOYMENT_TARGET = 9.0;
				MTL_ENABLE_DEBUG_INFO = NO;
				SDKROOT = iphoneos;
				VALIDATE_PRODUCT = YES;
			};
			name = Release;
		};
		4605FE2B1BDB8C3E00972A30 /* Debug */ = {
			isa = XCBuildConfiguration;
			buildSettings = {
				ASSETCATALOG_COMPILER_APPICON_NAME = AppIcon;
				INFOPLIST_FILE = OnTheMap/Info.plist;
				LD_RUNPATH_SEARCH_PATHS = "$(inherited) @executable_path/Frameworks";
				PRODUCT_BUNDLE_IDENTIFIER = wenzhe.fu.OnTheMap;
				PRODUCT_NAME = "$(TARGET_NAME)";
			};
			name = Debug;
		};
		4605FE2C1BDB8C3E00972A30 /* Release */ = {
			isa = XCBuildConfiguration;
			buildSettings = {
				ASSETCATALOG_COMPILER_APPICON_NAME = AppIcon;
				INFOPLIST_FILE = OnTheMap/Info.plist;
				LD_RUNPATH_SEARCH_PATHS = "$(inherited) @executable_path/Frameworks";
				PRODUCT_BUNDLE_IDENTIFIER = wenzhe.fu.OnTheMap;
				PRODUCT_NAME = "$(TARGET_NAME)";
			};
			name = Release;
		};
		4605FE2E1BDB8C3E00972A30 /* Debug */ = {
			isa = XCBuildConfiguration;
			buildSettings = {
				BUNDLE_LOADER = "$(TEST_HOST)";
				INFOPLIST_FILE = OnTheMapTests/Info.plist;
				LD_RUNPATH_SEARCH_PATHS = "$(inherited) @executable_path/Frameworks @loader_path/Frameworks";
				PRODUCT_BUNDLE_IDENTIFIER = wenzhe.fu.OnTheMapTests;
				PRODUCT_NAME = "$(TARGET_NAME)";
				TEST_HOST = "$(BUILT_PRODUCTS_DIR)/OnTheMap.app/OnTheMap";
			};
			name = Debug;
		};
		4605FE2F1BDB8C3E00972A30 /* Release */ = {
			isa = XCBuildConfiguration;
			buildSettings = {
				BUNDLE_LOADER = "$(TEST_HOST)";
				INFOPLIST_FILE = OnTheMapTests/Info.plist;
				LD_RUNPATH_SEARCH_PATHS = "$(inherited) @executable_path/Frameworks @loader_path/Frameworks";
				PRODUCT_BUNDLE_IDENTIFIER = wenzhe.fu.OnTheMapTests;
				PRODUCT_NAME = "$(TARGET_NAME)";
				TEST_HOST = "$(BUILT_PRODUCTS_DIR)/OnTheMap.app/OnTheMap";
			};
			name = Release;
		};
		4605FE311BDB8C3E00972A30 /* Debug */ = {
			isa = XCBuildConfiguration;
			buildSettings = {
				INFOPLIST_FILE = OnTheMapUITests/Info.plist;
				LD_RUNPATH_SEARCH_PATHS = "$(inherited) @executable_path/Frameworks @loader_path/Frameworks";
				PRODUCT_BUNDLE_IDENTIFIER = wenzhe.fu.OnTheMapUITests;
				PRODUCT_NAME = "$(TARGET_NAME)";
				TEST_TARGET_NAME = OnTheMap;
				USES_XCTRUNNER = YES;
			};
			name = Debug;
		};
		4605FE321BDB8C3E00972A30 /* Release */ = {
			isa = XCBuildConfiguration;
			buildSettings = {
				INFOPLIST_FILE = OnTheMapUITests/Info.plist;
				LD_RUNPATH_SEARCH_PATHS = "$(inherited) @executable_path/Frameworks @loader_path/Frameworks";
				PRODUCT_BUNDLE_IDENTIFIER = wenzhe.fu.OnTheMapUITests;
				PRODUCT_NAME = "$(TARGET_NAME)";
				TEST_TARGET_NAME = OnTheMap;
				USES_XCTRUNNER = YES;
			};
			name = Release;
		};
/* End XCBuildConfiguration section */

/* Begin XCConfigurationList section */
		4605FDFD1BDB8C3E00972A30 /* Build configuration list for PBXProject "OnTheMap" */ = {
			isa = XCConfigurationList;
			buildConfigurations = (
				4605FE281BDB8C3E00972A30 /* Debug */,
				4605FE291BDB8C3E00972A30 /* Release */,
			);
			defaultConfigurationIsVisible = 0;
			defaultConfigurationName = Release;
		};
		4605FE2A1BDB8C3E00972A30 /* Build configuration list for PBXNativeTarget "OnTheMap" */ = {
			isa = XCConfigurationList;
			buildConfigurations = (
				4605FE2B1BDB8C3E00972A30 /* Debug */,
				4605FE2C1BDB8C3E00972A30 /* Release */,
			);
			defaultConfigurationIsVisible = 0;
		};
		4605FE2D1BDB8C3E00972A30 /* Build configuration list for PBXNativeTarget "OnTheMapTests" */ = {
			isa = XCConfigurationList;
			buildConfigurations = (
				4605FE2E1BDB8C3E00972A30 /* Debug */,
				4605FE2F1BDB8C3E00972A30 /* Release */,
			);
			defaultConfigurationIsVisible = 0;
		};
		4605FE301BDB8C3E00972A30 /* Build configuration list for PBXNativeTarget "OnTheMapUITests" */ = {
			isa = XCConfigurationList;
			buildConfigurations = (
				4605FE311BDB8C3E00972A30 /* Debug */,
				4605FE321BDB8C3E00972A30 /* Release */,
			);
			defaultConfigurationIsVisible = 0;
		};
/* End XCConfigurationList section */
	};
	rootObject = 4605FDFA1BDB8C3E00972A30 /* Project object */;
}
